
Microsoft Visual Studio Solution File, Format Version 12.00
# Visual Studio Version 17
VisualStudioVersion = 17.14.36301.6 d17.14
MinimumVisualStudioVersion = 10.0.40219.1
Project("{FAE04EC0-301F-11D3-BF4B-00C04F79EFBC}") = "API", "API\API.csproj", "{76401458-D782-4ABD-A856-FA04B62E1064}"
EndProject
Global
	GlobalSection(SolutionConfigurationPlatforms) = preSolution
		Debug|Any CPU = Debug|Any CPU
		Release|Any CPU = Release|Any CPU
	EndGlobalSection
	GlobalSection(ProjectConfigurationPlatforms) = postSolution
		{76401458-D782-4ABD-A856-FA04B62E1064}.Debug|Any CPU.ActiveCfg = Debug|Any CPU
		{76401458-D782-4ABD-A856-FA04B62E1064}.Debug|Any CPU.Build.0 = Debug|Any CPU
		{76401458-D782-4ABD-A856-FA04B62E1064}.Release|Any CPU.ActiveCfg = Release|Any CPU
		{76401458-D782-4ABD-A856-FA04B62E1064}.Release|Any CPU.Build.0 = Release|Any CPU
	EndGlobalSection
	GlobalSection(SolutionProperties) = preSolution
		HideSolutionNode = FALSE
	EndGlobalSection
	GlobalSection(ExtensibilityGlobals) = postSolution
		SolutionGuid = {4F8BEA73-46F9-45EE-B66A-4C6AACFC30AF}
	EndGlobalSection
EndGlobal
