
Microsoft Visual Studio Solution File, Format Version 12.00
# Visual Studio Version 17
VisualStudioVersion = 17.14.36301.6 d17.14
MinimumVisualStudioVersion = 10.0.40219.1
Project("{FAE04EC0-301F-11D3-BF4B-00C04F79EFBC}") = "API", "API\API.csproj", "{16813538-34C0-49F5-88B5-2E140E28D9FD}"
EndProject
Global
	GlobalSection(SolutionConfigurationPlatforms) = preSolution
		Debug|Any CPU = Debug|Any CPU
		Release|Any CPU = Release|Any CPU
	EndGlobalSection
	GlobalSection(ProjectConfigurationPlatforms) = postSolution
		{16813538-34C0-49F5-88B5-2E140E28D9FD}.Debug|Any CPU.ActiveCfg = Debug|Any CPU
		{16813538-34C0-49F5-88B5-2E140E28D9FD}.Debug|Any CPU.Build.0 = Debug|Any CPU
		{16813538-34C0-49F5-88B5-2E140E28D9FD}.Release|Any CPU.ActiveCfg = Release|Any CPU
		{16813538-34C0-49F5-88B5-2E140E28D9FD}.Release|Any CPU.Build.0 = Release|Any CPU
	EndGlobalSection
	GlobalSection(SolutionProperties) = preSolution
		HideSolutionNode = FALSE
	EndGlobalSection
	GlobalSection(ExtensibilityGlobals) = postSolution
		SolutionGuid = {43508716-0EC0-4F75-AC96-35679C6CF4E9}
	EndGlobalSection
EndGlobal
